// !$*UTF8*$!
{
	archiveVersion = 1;
	classes = {
	};
	objectVersion = 46;
	objects = {

/* Begin PBXBuildFile section */
		8E2A5E331B661F2F00A064E0 /* main.m in Sources */ = {isa = PBXBuildFile; fileRef = 8E2A5E321B661F2F00A064E0 /* main.m */; };
		8E2A5E3C1B661F2F00A064E0 /* Main.storyboard in Resources */ = {isa = PBXBuildFile; fileRef = 8E2A5E3A1B661F2F00A064E0 /* Main.storyboard */; };
		8E2A5E3E1B661F2F00A064E0 /* Images.xcassets in Resources */ = {isa = PBXBuildFile; fileRef = 8E2A5E3D1B661F2F00A064E0 /* Images.xcassets */; };
		8E2A5E411B661F2F00A064E0 /* LaunchScreen.xib in Resources */ = {isa = PBXBuildFile; fileRef = 8E2A5E3F1B661F2F00A064E0 /* LaunchScreen.xib */; };
		8E2A5E4D1B661F2F00A064E0 /* customBadgeValueTests.m in Sources */ = {isa = PBXBuildFile; fileRef = 8E2A5E4C1B661F2F00A064E0 /* customBadgeValueTests.m */; };
		8E2A5E581B661F9600A064E0 /* CustomBadgeValueBackgroundImage.m in Sources */ = {isa = PBXBuildFile; fileRef = 8E2A5E571B661F9600A064E0 /* CustomBadgeValueBackgroundImage.m */; };
/* End PBXBuildFile section */

/* Begin PBXContainerItemProxy section */
		8E2A5E471B661F2F00A064E0 /* PBXContainerItemProxy */ = {
			isa = PBXContainerItemProxy;
			containerPortal = 8E2A5E251B661F2F00A064E0 /* Project object */;
			proxyType = 1;
			remoteGlobalIDString = 8E2A5E2C1B661F2F00A064E0;
			remoteInfo = customBadgeValue;
		};
/* End PBXContainerItemProxy section */

/* Begin PBXFileReference section */
		8E2A5E2D1B661F2F00A064E0 /* customBadgeValue.app */ = {isa = PBXFileReference; explicitFileType = wrapper.application; includeInIndex = 0; path = customBadgeValue.app; sourceTree = BUILT_PRODUCTS_DIR; };
		8E2A5E311B661F2F00A064E0 /* Info.plist */ = {isa = PBXFileReference; lastKnownFileType = text.plist.xml; path = Info.plist; sourceTree = "<group>"; };
		8E2A5E321B661F2F00A064E0 /* main.m */ = {isa = PBXFileReference; lastKnownFileType = sourcecode.c.objc; path = main.m; sourceTree = "<group>"; };
		8E2A5E3B1B661F2F00A064E0 /* Base */ = {isa = PBXFileReference; lastKnownFileType = file.storyboard; name = Base; path = Base.lproj/Main.storyboard; sourceTree = "<group>"; };
		8E2A5E3D1B661F2F00A064E0 /* Images.xcassets */ = {isa = PBXFileReference; lastKnownFileType = folder.assetcatalog; path = Images.xcassets; sourceTree = "<group>"; };
		8E2A5E401B661F2F00A064E0 /* Base */ = {isa = PBXFileReference; lastKnownFileType = file.xib; name = Base; path = Base.lproj/LaunchScreen.xib; sourceTree = "<group>"; };
		8E2A5E461B661F2F00A064E0 /* customBadgeValueTests.xctest */ = {isa = PBXFileReference; explicitFileType = wrapper.cfbundle; includeInIndex = 0; path = customBadgeValueTests.xctest; sourceTree = BUILT_PRODUCTS_DIR; };
		8E2A5E4B1B661F2F00A064E0 /* Info.plist */ = {isa = PBXFileReference; lastKnownFileType = text.plist.xml; path = Info.plist; sourceTree = "<group>"; };
		8E2A5E4C1B661F2F00A064E0 /* customBadgeValueTests.m */ = {isa = PBXFileReference; lastKnownFileType = sourcecode.c.objc; path = customBadgeValueTests.m; sourceTree = "<group>"; };
		8E2A5E561B661F9600A064E0 /* CustomBadgeValueBackgroundImage.h */ = {isa = PBXFileReference; fileEncoding = 4; lastKnownFileType = sourcecode.c.h; name = CustomBadgeValueBackgroundImage.h; path = ../CustomBadgeValueBackgroundImage.h; sourceTree = "<group>"; };
		8E2A5E571B661F9600A064E0 /* CustomBadgeValueBackgroundImage.m */ = {isa = PBXFileReference; fileEncoding = 4; lastKnownFileType = sourcecode.c.objc; name = CustomBadgeValueBackgroundImage.m; path = ../CustomBadgeValueBackgroundImage.m; sourceTree = "<group>"; };
/* End PBXFileReference section */

/* Begin PBXFrameworksBuildPhase section */
		8E2A5E2A1B661F2F00A064E0 /* Frameworks */ = {
			isa = PBXFrameworksBuildPhase;
			buildActionMask = 2147483647;
			files = (
			);
			runOnlyForDeploymentPostprocessing = 0;
		};
		8E2A5E431B661F2F00A064E0 /* Frameworks */ = {
			isa = PBXFrameworksBuildPhase;
			buildActionMask = 2147483647;
			files = (
			);
			runOnlyForDeploymentPostprocessing = 0;
		};
/* End PBXFrameworksBuildPhase section */

/* Begin PBXGroup section */
		8E2A5E241B661F2F00A064E0 = {
			isa = PBXGroup;
			children = (
				8E2A5E2F1B661F2F00A064E0 /* customBadgeValue */,
				8E2A5E491B661F2F00A064E0 /* customBadgeValueTests */,
				8E2A5E2E1B661F2F00A064E0 /* Products */,
			);
			sourceTree = "<group>";
		};
		8E2A5E2E1B661F2F00A064E0 /* Products */ = {
			isa = PBXGroup;
			children = (
				8E2A5E2D1B661F2F00A064E0 /* customBadgeValue.app */,
				8E2A5E461B661F2F00A064E0 /* customBadgeValueTests.xctest */,
			);
			name = Products;
			sourceTree = "<group>";
		};
		8E2A5E2F1B661F2F00A064E0 /* customBadgeValue */ = {
			isa = PBXGroup;
			children = (
				8E2A5E591B661FD000A064E0 /* customBadgeValue */,
				8E2A5E3A1B661F2F00A064E0 /* Main.storyboard */,
				8E2A5E3D1B661F2F00A064E0 /* Images.xcassets */,
				8E2A5E3F1B661F2F00A064E0 /* LaunchScreen.xib */,
				8E2A5E301B661F2F00A064E0 /* Supporting Files */,
			);
			path = customBadgeValue;
			sourceTree = "<group>";
		};
		8E2A5E301B661F2F00A064E0 /* Supporting Files */ = {
			isa = PBXGroup;
			children = (
				8E2A5E311B661F2F00A064E0 /* Info.plist */,
				8E2A5E321B661F2F00A064E0 /* main.m */,
			);
			name = "Supporting Files";
			sourceTree = "<group>";
		};
		8E2A5E491B661F2F00A064E0 /* customBadgeValueTests */ = {
			isa = PBXGroup;
			children = (
				8E2A5E4C1B661F2F00A064E0 /* customBadgeValueTests.m */,
				8E2A5E4A1B661F2F00A064E0 /* Supporting Files */,
			);
			path = customBadgeValueTests;
			sourceTree = "<group>";
		};
		8E2A5E4A1B661F2F00A064E0 /* Supporting Files */ = {
			isa = PBXGroup;
			children = (
				8E2A5E4B1B661F2F00A064E0 /* Info.plist */,
			);
			name = "Supporting Files";
			sourceTree = "<group>";
		};
		8E2A5E591B661FD000A064E0 /* customBadgeValue */ = {
			isa = PBXGroup;
			children = (
				8E2A5E561B661F9600A064E0 /* CustomBadgeValueBackgroundImage.h */,
				8E2A5E571B661F9600A064E0 /* CustomBadgeValueBackgroundImage.m */,
			);
			path = customBadgeValue;
			sourceTree = "<group>";
		};
/* End PBXGroup section */

/* Begin PBXNativeTarget section */
		8E2A5E2C1B661F2F00A064E0 /* customBadgeValue */ = {
			isa = PBXNativeTarget;
			buildConfigurationList = 8E2A5E501B661F2F00A064E0 /* Build configuration list for PBXNativeTarget "customBadgeValue" */;
			buildPhases = (
				8E2A5E291B661F2F00A064E0 /* Sources */,
				8E2A5E2A1B661F2F00A064E0 /* Frameworks */,
				8E2A5E2B1B661F2F00A064E0 /* Resources */,
			);
			buildRules = (
			);
			dependencies = (
			);
			name = customBadgeValue;
			productName = customBadgeValue;
			productReference = 8E2A5E2D1B661F2F00A064E0 /* customBadgeValue.app */;
			productType = "com.apple.product-type.application";
		};
		8E2A5E451B661F2F00A064E0 /* customBadgeValueTests */ = {
			isa = PBXNativeTarget;
			buildConfigurationList = 8E2A5E531B661F2F00A064E0 /* Build configuration list for PBXNativeTarget "customBadgeValueTests" */;
			buildPhases = (
				8E2A5E421B661F2F00A064E0 /* Sources */,
				8E2A5E431B661F2F00A064E0 /* Frameworks */,
				8E2A5E441B661F2F00A064E0 /* Resources */,
			);
			buildRules = (
			);
			dependencies = (
				8E2A5E481B661F2F00A064E0 /* PBXTargetDependency */,
			);
			name = customBadgeValueTests;
			productName = customBadgeValueTests;
			productReference = 8E2A5E461B661F2F00A064E0 /* customBadgeValueTests.xctest */;
			productType = "com.apple.product-type.bundle.unit-test";
		};
/* End PBXNativeTarget section */

/* Begin PBXProject section */
		8E2A5E251B661F2F00A064E0 /* Project object */ = {
			isa = PBXProject;
			attributes = {
				LastUpgradeCheck = 0630;
				ORGANIZATIONNAME = "边智峰";
				TargetAttributes = {
					8E2A5E2C1B661F2F00A064E0 = {
						CreatedOnToolsVersion = 6.3.2;
					};
					8E2A5E451B661F2F00A064E0 = {
						CreatedOnToolsVersion = 6.3.2;
						TestTargetID = 8E2A5E2C1B661F2F00A064E0;
					};
				};
			};
			buildConfigurationList = 8E2A5E281B661F2F00A064E0 /* Build configuration list for PBXProject "customBadgeValue" */;
			compatibilityVersion = "Xcode 3.2";
			developmentRegion = English;
			hasScannedForEncodings = 0;
			knownRegions = (
				en,
				Base,
			);
			mainGroup = 8E2A5E241B661F2F00A064E0;
			productRefGroup = 8E2A5E2E1B661F2F00A064E0 /* Products */;
			projectDirPath = "";
			projectRoot = "";
			targets = (
				8E2A5E2C1B661F2F00A064E0 /* customBadgeValue */,
				8E2A5E451B661F2F00A064E0 /* customBadgeValueTests */,
			);
		};
/* End PBXProject section */

/* Begin PBXResourcesBuildPhase section */
		8E2A5E2B1B661F2F00A064E0 /* Resources */ = {
			isa = PBXResourcesBuildPhase;
			buildActionMask = 2147483647;
			files = (
				8E2A5E3C1B661F2F00A064E0 /* Main.storyboard in Resources */,
				8E2A5E411B661F2F00A064E0 /* LaunchScreen.xib in Resources */,
				8E2A5E3E1B661F2F00A064E0 /* Images.xcassets in Resources */,
			);
			runOnlyForDeploymentPostprocessing = 0;
		};
		8E2A5E441B661F2F00A064E0 /* Resources */ = {
			isa = PBXResourcesBuildPhase;
			buildActionMask = 2147483647;
			files = (
			);
			runOnlyForDeploymentPostprocessing = 0;
		};
/* End PBXResourcesBuildPhase section */

/* Begin PBXSourcesBuildPhase section */
		8E2A5E291B661F2F00A064E0 /* Sources */ = {
			isa = PBXSourcesBuildPhase;
			buildActionMask = 2147483647;
			files = (
				8E2A5E581B661F9600A064E0 /* CustomBadgeValueBackgroundImage.m in Sources */,
				8E2A5E331B661F2F00A064E0 /* main.m in Sources */,
			);
			runOnlyForDeploymentPostprocessing = 0;
		};
		8E2A5E421B661F2F00A064E0 /* Sources */ = {
			isa = PBXSourcesBuildPhase;
			buildActionMask = 2147483647;
			files = (
				8E2A5E4D1B661F2F00A064E0 /* customBadgeValueTests.m in Sources */,
			);
			runOnlyForDeploymentPostprocessing = 0;
		};
/* End PBXSourcesBuildPhase section */

/* Begin PBXTargetDependency section */
		8E2A5E481B661F2F00A064E0 /* PBXTargetDependency */ = {
			isa = PBXTargetDependency;
			target = 8E2A5E2C1B661F2F00A064E0 /* customBadgeValue */;
			targetProxy = 8E2A5E471B661F2F00A064E0 /* PBXContainerItemProxy */;
		};
/* End PBXTargetDependency section */

/* Begin PBXVariantGroup section */
		8E2A5E3A1B661F2F00A064E0 /* Main.storyboard */ = {
			isa = PBXVariantGroup;
			children = (
				8E2A5E3B1B661F2F00A064E0 /* Base */,
			);
			name = Main.storyboard;
			sourceTree = "<group>";
		};
		8E2A5E3F1B661F2F00A064E0 /* LaunchScreen.xib */ = {
			isa = PBXVariantGroup;
			children = (
				8E2A5E401B661F2F00A064E0 /* Base */,
			);
			name = LaunchScreen.xib;
			sourceTree = "<group>";
		};
/* End PBXVariantGroup section */

/* Begin XCBuildConfiguration section */
		8E2A5E4E1B661F2F00A064E0 /* Debug */ = {
			isa = XCBuildConfiguration;
			buildSettings = {
				ALWAYS_SEARCH_USER_PATHS = NO;
				CLANG_CXX_LANGUAGE_STANDARD = "gnu++0x";
				CLANG_CXX_LIBRARY = "libc++";
				CLANG_ENABLE_MODULES = YES;
				CLANG_ENABLE_OBJC_ARC = YES;
				CLANG_WARN_BOOL_CONVERSION = YES;
				CLANG_WARN_CONSTANT_CONVERSION = YES;
				CLANG_WARN_DIRECT_OBJC_ISA_USAGE = YES_ERROR;
				CLANG_WARN_EMPTY_BODY = YES;
				CLANG_WARN_ENUM_CONVERSION = YES;
				CLANG_WARN_INT_CONVERSION = YES;
				CLANG_WARN_OBJC_ROOT_CLASS = YES_ERROR;
				CLANG_WARN_UNREACHABLE_CODE = YES;
				CLANG_WARN__DUPLICATE_METHOD_MATCH = YES;
				"CODE_SIGN_IDENTITY[sdk=iphoneos*]" = "iPhone Developer";
				COPY_PHASE_STRIP = NO;
				DEBUG_INFORMATION_FORMAT = "dwarf-with-dsym";
				ENABLE_STRICT_OBJC_MSGSEND = YES;
				GCC_C_LANGUAGE_STANDARD = gnu99;
				GCC_DYNAMIC_NO_PIC = NO;
				GCC_NO_COMMON_BLOCKS = YES;
				GCC_OPTIMIZATION_LEVEL = 0;
				GCC_PREPROCESSOR_DEFINITIONS = (
					"DEBUG=1",
					"$(inherited)",
				);
				GCC_SYMBOLS_PRIVATE_EXTERN = NO;
				GCC_WARN_64_TO_32_BIT_CONVERSION = YES;
				GCC_WARN_ABOUT_RETURN_TYPE = YES_ERROR;
				GCC_WARN_UNDECLARED_SELECTOR = YES;
				GCC_WARN_UNINITIALIZED_AUTOS = YES_AGGRESSIVE;
				GCC_WARN_UNUSED_FUNCTION = YES;
				GCC_WARN_UNUSED_VARIABLE = YES;
				IPHONEOS_DEPLOYMENT_TARGET = 8.3;
				MTL_ENABLE_DEBUG_INFO = YES;
				ONLY_ACTIVE_ARCH = YES;
				SDKROOT = iphoneos;
			};
			name = Debug;
		};
		8E2A5E4F1B661F2F00A064E0 /* Release */ = {
			isa = XCBuildConfiguration;
			buildSettings = {
				ALWAYS_SEARCH_USER_PATHS = NO;
				CLANG_CXX_LANGUAGE_STANDARD = "gnu++0x";
				CLANG_CXX_LIBRARY = "libc++";
				CLANG_ENABLE_MODULES = YES;
				CLANG_ENABLE_OBJC_ARC = YES;
				CLANG_WARN_BOOL_CONVERSION = YES;
				CLANG_WARN_CONSTANT_CONVERSION = YES;
				CLANG_WARN_DIRECT_OBJC_ISA_USAGE = YES_ERROR;
				CLANG_WARN_EMPTY_BODY = YES;
				CLANG_WARN_ENUM_CONVERSION = YES;
				CLANG_WARN_INT_CONVERSION = YES;
				CLANG_WARN_OBJC_ROOT_CLASS = YES_ERROR;
				CLANG_WARN_UNREACHABLE_CODE = YES;
				CLANG_WARN__DUPLICATE_METHOD_MATCH = YES;
				"CODE_SIGN_IDENTITY[sdk=iphoneos*]" = "iPhone Developer";
				COPY_PHASE_STRIP = NO;
				DEBUG_INFORMATION_FORMAT = "dwarf-with-dsym";
				ENABLE_NS_ASSERTIONS = NO;
				ENABLE_STRICT_OBJC_MSGSEND = YES;
				GCC_C_LANGUAGE_STANDARD = gnu99;
				GCC_NO_COMMON_BLOCKS = YES;
				GCC_WARN_64_TO_32_BIT_CONVERSION = YES;
				GCC_WARN_ABOUT_RETURN_TYPE = YES_ERROR;
				GCC_WARN_UNDECLARED_SELECTOR = YES;
				GCC_WARN_UNINITIALIZED_AUTOS = YES_AGGRESSIVE;
				GCC_WARN_UNUSED_FUNCTION = YES;
				GCC_WARN_UNUSED_VARIABLE = YES;
				IPHONEOS_DEPLOYMENT_TARGET = 8.3;
				MTL_ENABLE_DEBUG_INFO = NO;
				SDKROOT = iphoneos;
				VALIDATE_PRODUCT = YES;
			};
			name = Release;
		};
		8E2A5E511B661F2F00A064E0 /* Debug */ = {
			isa = XCBuildConfiguration;
			buildSettings = {
				ASSETCATALOG_COMPILER_APPICON_NAME = AppIcon;
				INFOPLIST_FILE = customBadgeValue/Info.plist;
				LD_RUNPATH_SEARCH_PATHS = "$(inherited) @executable_path/Frameworks";
				PRODUCT_NAME = "$(TARGET_NAME)";
			};
			name = Debug;
		};
		8E2A5E521B661F2F00A064E0 /* Release */ = {
			isa = XCBuildConfiguration;
			buildSettings = {
				ASSETCATALOG_COMPILER_APPICON_NAME = AppIcon;
				INFOPLIST_FILE = customBadgeValue/Info.plist;
				LD_RUNPATH_SEARCH_PATHS = "$(inherited) @executable_path/Frameworks";
				PRODUCT_NAME = "$(TARGET_NAME)";
			};
			name = Release;
		};
		8E2A5E541B661F2F00A064E0 /* Debug */ = {
			isa = XCBuildConfiguration;
			buildSettings = {
				BUNDLE_LOADER = "$(TEST_HOST)";
				FRAMEWORK_SEARCH_PATHS = (
					"$(SDKROOT)/Developer/Library/Frameworks",
					"$(inherited)",
				);
				GCC_PREPROCESSOR_DEFINITIONS = (
					"DEBUG=1",
					"$(inherited)",
				);
				INFOPLIST_FILE = customBadgeValueTests/Info.plist;
				LD_RUNPATH_SEARCH_PATHS = "$(inherited) @executable_path/Frameworks @loader_path/Frameworks";
				PRODUCT_NAME = "$(TARGET_NAME)";
				TEST_HOST = "$(BUILT_PRODUCTS_DIR)/customBadgeValue.app/customBadgeValue";
			};
			name = Debug;
		};
		8E2A5E551B661F2F00A064E0 /* Release */ = {
			isa = XCBuildConfiguration;
			buildSettings = {
				BUNDLE_LOADER = "$(TEST_HOST)";
				FRAMEWORK_SEARCH_PATHS = (
					"$(SDKROOT)/Developer/Library/Frameworks",
					"$(inherited)",
				);
				INFOPLIST_FILE = customBadgeValueTests/Info.plist;
				LD_RUNPATH_SEARCH_PATHS = "$(inherited) @executable_path/Frameworks @loader_path/Frameworks";
				PRODUCT_NAME = "$(TARGET_NAME)";
				TEST_HOST = "$(BUILT_PRODUCTS_DIR)/customBadgeValue.app/customBadgeValue";
			};
			name = Release;
		};
/* End XCBuildConfiguration section */

/* Begin XCConfigurationList section */
		8E2A5E281B661F2F00A064E0 /* Build configuration list for PBXProject "customBadgeValue" */ = {
			isa = XCConfigurationList;
			buildConfigurations = (
				8E2A5E4E1B661F2F00A064E0 /* Debug */,
				8E2A5E4F1B661F2F00A064E0 /* Release */,
			);
			defaultConfigurationIsVisible = 0;
			defaultConfigurationName = Release;
		};
		8E2A5E501B661F2F00A064E0 /* Build configuration list for PBXNativeTarget "customBadgeValue" */ = {
			isa = XCConfigurationList;
			buildConfigurations = (
				8E2A5E511B661F2F00A064E0 /* Debug */,
				8E2A5E521B661F2F00A064E0 /* Release */,
			);
			defaultConfigurationIsVisible = 0;
		};
		8E2A5E531B661F2F00A064E0 /* Build configuration list for PBXNativeTarget "customBadgeValueTests" */ = {
			isa = XCConfigurationList;
			buildConfigurations = (
				8E2A5E541B661F2F00A064E0 /* Debug */,
				8E2A5E551B661F2F00A064E0 /* Release */,
			);
			defaultConfigurationIsVisible = 0;
		};
/* End XCConfigurationList section */
	};
	rootObject = 8E2A5E251B661F2F00A064E0 /* Project object */;
}
